
Microsoft Visual Studio Solution File, Format Version 12.00
# Visual Studio Version 16
VisualStudioVersion = 16.0.30709.132
MinimumVisualStudioVersion = 10.0.40219.1
Project("{159641D6-6404-4A2A-AE62-294DE0FE8301}") = "SSIS_Chilelli", "SSIS_Chilelli\SSIS_Chilelli.dtproj", "{46AA39A4-C20F-426D-9670-4E900F44D128}"
EndProject
Global
	GlobalSection(SolutionConfigurationPlatforms) = preSolution
		Development|Default = Development|Default
	EndGlobalSection
	GlobalSection(ProjectConfigurationPlatforms) = postSolution
		{46AA39A4-C20F-426D-9670-4E900F44D128}.Development|Default.ActiveCfg = Development
		{46AA39A4-C20F-426D-9670-4E900F44D128}.Development|Default.Build.0 = Development
	EndGlobalSection
	GlobalSection(SolutionProperties) = preSolution
		HideSolutionNode = FALSE
	EndGlobalSection
	GlobalSection(ExtensibilityGlobals) = postSolution
		SolutionGuid = {A549846B-50EB-46DD-A8B9-9A6F3E78B3A5}
	EndGlobalSection
EndGlobal
